
Microsoft Visual Studio Solution File, Format Version 12.00
# Visual Studio 15
VisualStudioVersion = 15.0.26124.0
MinimumVisualStudioVersion = 15.0.26124.0
Project("{2150E333-8FDC-42A3-9474-1A3956D46DE8}") = "src", "src", "{480B9460-C233-4887-BAD8-A1CD1EC86085}"
EndProject
Project("{FAE04EC0-301F-11D3-BF4B-00C04F79EFBC}") = "CommandAPI", "src\CommandAPI\CommandAPI.csproj", "{60804412-0FF0-4AD1-BFD6-2C979A8F074A}"
EndProject
Project("{2150E333-8FDC-42A3-9474-1A3956D46DE8}") = "test", "test", "{AF2D01A7-F4CC-441B-8ACE-CCD9043FB354}"
EndProject
Project("{FAE04EC0-301F-11D3-BF4B-00C04F79EFBC}") = "CommandAPI.Tests", "test\CommandAPI.Tests\CommandAPI.Tests.csproj", "{D97E417E-4F42-4509-B2A5-FB7667D0F5A0}"
EndProject
Global
	GlobalSection(SolutionConfigurationPlatforms) = preSolution
		Debug|Any CPU = Debug|Any CPU
		Debug|x64 = Debug|x64
		Debug|x86 = Debug|x86
		Release|Any CPU = Release|Any CPU
		Release|x64 = Release|x64
		Release|x86 = Release|x86
	EndGlobalSection
	GlobalSection(SolutionProperties) = preSolution
		HideSolutionNode = FALSE
	EndGlobalSection
	GlobalSection(ProjectConfigurationPlatforms) = postSolution
		{60804412-0FF0-4AD1-BFD6-2C979A8F074A}.Debug|Any CPU.ActiveCfg = Debug|Any CPU
		{60804412-0FF0-4AD1-BFD6-2C979A8F074A}.Debug|Any CPU.Build.0 = Debug|Any CPU
		{60804412-0FF0-4AD1-BFD6-2C979A8F074A}.Debug|x64.ActiveCfg = Debug|Any CPU
		{60804412-0FF0-4AD1-BFD6-2C979A8F074A}.Debug|x64.Build.0 = Debug|Any CPU
		{60804412-0FF0-4AD1-BFD6-2C979A8F074A}.Debug|x86.ActiveCfg = Debug|Any CPU
		{60804412-0FF0-4AD1-BFD6-2C979A8F074A}.Debug|x86.Build.0 = Debug|Any CPU
		{60804412-0FF0-4AD1-BFD6-2C979A8F074A}.Release|Any CPU.ActiveCfg = Release|Any CPU
		{60804412-0FF0-4AD1-BFD6-2C979A8F074A}.Release|Any CPU.Build.0 = Release|Any CPU
		{60804412-0FF0-4AD1-BFD6-2C979A8F074A}.Release|x64.ActiveCfg = Release|Any CPU
		{60804412-0FF0-4AD1-BFD6-2C979A8F074A}.Release|x64.Build.0 = Release|Any CPU
		{60804412-0FF0-4AD1-BFD6-2C979A8F074A}.Release|x86.ActiveCfg = Release|Any CPU
		{60804412-0FF0-4AD1-BFD6-2C979A8F074A}.Release|x86.Build.0 = Release|Any CPU
		{D97E417E-4F42-4509-B2A5-FB7667D0F5A0}.Debug|Any CPU.ActiveCfg = Debug|Any CPU
		{D97E417E-4F42-4509-B2A5-FB7667D0F5A0}.Debug|Any CPU.Build.0 = Debug|Any CPU
		{D97E417E-4F42-4509-B2A5-FB7667D0F5A0}.Debug|x64.ActiveCfg = Debug|Any CPU
		{D97E417E-4F42-4509-B2A5-FB7667D0F5A0}.Debug|x64.Build.0 = Debug|Any CPU
		{D97E417E-4F42-4509-B2A5-FB7667D0F5A0}.Debug|x86.ActiveCfg = Debug|Any CPU
		{D97E417E-4F42-4509-B2A5-FB7667D0F5A0}.Debug|x86.Build.0 = Debug|Any CPU
		{D97E417E-4F42-4509-B2A5-FB7667D0F5A0}.Release|Any CPU.ActiveCfg = Release|Any CPU
		{D97E417E-4F42-4509-B2A5-FB7667D0F5A0}.Release|Any CPU.Build.0 = Release|Any CPU
		{D97E417E-4F42-4509-B2A5-FB7667D0F5A0}.Release|x64.ActiveCfg = Release|Any CPU
		{D97E417E-4F42-4509-B2A5-FB7667D0F5A0}.Release|x64.Build.0 = Release|Any CPU
		{D97E417E-4F42-4509-B2A5-FB7667D0F5A0}.Release|x86.ActiveCfg = Release|Any CPU
		{D97E417E-4F42-4509-B2A5-FB7667D0F5A0}.Release|x86.Build.0 = Release|Any CPU
	EndGlobalSection
	GlobalSection(NestedProjects) = preSolution
		{60804412-0FF0-4AD1-BFD6-2C979A8F074A} = {480B9460-C233-4887-BAD8-A1CD1EC86085}
		{D97E417E-4F42-4509-B2A5-FB7667D0F5A0} = {AF2D01A7-F4CC-441B-8ACE-CCD9043FB354}
	EndGlobalSection
EndGlobal
